
Microsoft Visual Studio Solution File, Format Version 12.00
# Visual Studio 2012
Project("{FAE04EC0-301F-11D3-BF4B-00C04F79EFBC}") = "TatoebaParser", "TatoebaParser.csproj", "{4AE2B895-2F49-44CB-BAD8-85C69D1B8D9A}"
EndProject
Project("{FAE04EC0-301F-11D3-BF4B-00C04F79EFBC}") = "Layout", "..\Layout\Layout.csproj", "{56BB9091-B7EE-4CD8-ABF2-B43399D21EBB}"
EndProject
Global
	GlobalSection(SolutionConfigurationPlatforms) = preSolution
		Debug|Any CPU = Debug|Any CPU
		Release|Any CPU = Release|Any CPU
	EndGlobalSection
	GlobalSection(ProjectConfigurationPlatforms) = postSolution
		{4AE2B895-2F49-44CB-BAD8-85C69D1B8D9A}.Debug|Any CPU.ActiveCfg = Debug|Any CPU
		{4AE2B895-2F49-44CB-BAD8-85C69D1B8D9A}.Debug|Any CPU.Build.0 = Debug|Any CPU
		{4AE2B895-2F49-44CB-BAD8-85C69D1B8D9A}.Release|Any CPU.ActiveCfg = Release|Any CPU
		{4AE2B895-2F49-44CB-BAD8-85C69D1B8D9A}.Release|Any CPU.Build.0 = Release|Any CPU
		{56BB9091-B7EE-4CD8-ABF2-B43399D21EBB}.Debug|Any CPU.ActiveCfg = Debug|Any CPU
		{56BB9091-B7EE-4CD8-ABF2-B43399D21EBB}.Debug|Any CPU.Build.0 = Debug|Any CPU
		{56BB9091-B7EE-4CD8-ABF2-B43399D21EBB}.Release|Any CPU.ActiveCfg = Release|Any CPU
		{56BB9091-B7EE-4CD8-ABF2-B43399D21EBB}.Release|Any CPU.Build.0 = Release|Any CPU
	EndGlobalSection
	GlobalSection(SolutionProperties) = preSolution
		HideSolutionNode = FALSE
	EndGlobalSection
EndGlobal
